
Microsoft Visual Studio Solution File, Format Version 12.00
# Visual Studio Version 17
VisualStudioVersion = 17.1.32328.378
MinimumVisualStudioVersion = 10.0.40219.1
Project("{9092AA53-FB77-4645-B42D-1CCCA6BD08BD}") = "StudentWorkSpace", "StudentWorkSpace.njsproj", "{3C6B512B-C751-4D59-9863-206A5C6CCD38}"
EndProject
Global
	GlobalSection(SolutionConfigurationPlatforms) = preSolution
		Debug|Any CPU = Debug|Any CPU
		Release|Any CPU = Release|Any CPU
	EndGlobalSection
	GlobalSection(ProjectConfigurationPlatforms) = postSolution
		{3C6B512B-C751-4D59-9863-206A5C6CCD38}.Debug|Any CPU.ActiveCfg = Debug|Any CPU
		{3C6B512B-C751-4D59-9863-206A5C6CCD38}.Debug|Any CPU.Build.0 = Debug|Any CPU
		{3C6B512B-C751-4D59-9863-206A5C6CCD38}.Release|Any CPU.ActiveCfg = Release|Any CPU
		{3C6B512B-C751-4D59-9863-206A5C6CCD38}.Release|Any CPU.Build.0 = Release|Any CPU
	EndGlobalSection
	GlobalSection(SolutionProperties) = preSolution
		HideSolutionNode = FALSE
	EndGlobalSection
	GlobalSection(ExtensibilityGlobals) = postSolution
		SolutionGuid = {9CA02DBA-D7AD-4D91-AB18-40C498B9A734}
	EndGlobalSection
EndGlobal
